
Microsoft Visual Studio Solution File, Format Version 12.00
# Visual Studio 14
VisualStudioVersion = 14.0.25420.1
MinimumVisualStudioVersion = 10.0.40219.1
Project("{FAE04EC0-301F-11D3-BF4B-00C04F79EFBC}") = "Escc.PhotoConsent", "Escc.PhotoConsent\Escc.PhotoConsent.csproj", "{54915748-A401-40C0-835C-A7287C69C818}"
EndProject
Project("{00D1A9C2-B5F0-4AF3-8072-F6C62B433612}") = "Escc.PhotoConsent.Database", "Escc.PhotoConsent.Database\Escc.PhotoConsent.Database.sqlproj", "{250E7392-0F2B-4219-970F-5995DB6C58DE}"
EndProject
Global
	GlobalSection(SolutionConfigurationPlatforms) = preSolution
		Debug|Any CPU = Debug|Any CPU
		Release|Any CPU = Release|Any CPU
	EndGlobalSection
	GlobalSection(ProjectConfigurationPlatforms) = postSolution
		{54915748-A401-40C0-835C-A7287C69C818}.Debug|Any CPU.ActiveCfg = Debug|Any CPU
		{54915748-A401-40C0-835C-A7287C69C818}.Debug|Any CPU.Build.0 = Debug|Any CPU
		{54915748-A401-40C0-835C-A7287C69C818}.Release|Any CPU.ActiveCfg = Release|Any CPU
		{54915748-A401-40C0-835C-A7287C69C818}.Release|Any CPU.Build.0 = Release|Any CPU
		{250E7392-0F2B-4219-970F-5995DB6C58DE}.Debug|Any CPU.ActiveCfg = Debug|Any CPU
		{250E7392-0F2B-4219-970F-5995DB6C58DE}.Debug|Any CPU.Build.0 = Debug|Any CPU
		{250E7392-0F2B-4219-970F-5995DB6C58DE}.Debug|Any CPU.Deploy.0 = Debug|Any CPU
		{250E7392-0F2B-4219-970F-5995DB6C58DE}.Release|Any CPU.ActiveCfg = Release|Any CPU
		{250E7392-0F2B-4219-970F-5995DB6C58DE}.Release|Any CPU.Build.0 = Release|Any CPU
		{250E7392-0F2B-4219-970F-5995DB6C58DE}.Release|Any CPU.Deploy.0 = Release|Any CPU
	EndGlobalSection
	GlobalSection(SolutionProperties) = preSolution
		HideSolutionNode = FALSE
	EndGlobalSection
EndGlobal
